
Microsoft Visual Studio Solution File, Format Version 12.00
# Visual Studio Version 16
VisualStudioVersion = 16.0.31019.35
MinimumVisualStudioVersion = 10.0.40219.1
Project("{FAE04EC0-301F-11D3-BF4B-00C04F79EFBC}") = "TesteWipro", "TesteWipro\TesteWipro.csproj", "{FABE6D16-C5A9-4501-9CA1-2DEE5263D5CD}"
EndProject
Project("{FAE04EC0-301F-11D3-BF4B-00C04F79EFBC}") = "Client", "Client\Client.csproj", "{478B25E4-1E05-4783-A31E-695182E2292A}"
EndProject
Global
	GlobalSection(SolutionConfigurationPlatforms) = preSolution
		Debug|Any CPU = Debug|Any CPU
		Release|Any CPU = Release|Any CPU
	EndGlobalSection
	GlobalSection(ProjectConfigurationPlatforms) = postSolution
		{FABE6D16-C5A9-4501-9CA1-2DEE5263D5CD}.Debug|Any CPU.ActiveCfg = Debug|Any CPU
		{FABE6D16-C5A9-4501-9CA1-2DEE5263D5CD}.Debug|Any CPU.Build.0 = Debug|Any CPU
		{FABE6D16-C5A9-4501-9CA1-2DEE5263D5CD}.Release|Any CPU.ActiveCfg = Release|Any CPU
		{FABE6D16-C5A9-4501-9CA1-2DEE5263D5CD}.Release|Any CPU.Build.0 = Release|Any CPU
		{478B25E4-1E05-4783-A31E-695182E2292A}.Debug|Any CPU.ActiveCfg = Debug|Any CPU
		{478B25E4-1E05-4783-A31E-695182E2292A}.Debug|Any CPU.Build.0 = Debug|Any CPU
		{478B25E4-1E05-4783-A31E-695182E2292A}.Release|Any CPU.ActiveCfg = Release|Any CPU
		{478B25E4-1E05-4783-A31E-695182E2292A}.Release|Any CPU.Build.0 = Release|Any CPU
	EndGlobalSection
	GlobalSection(SolutionProperties) = preSolution
		HideSolutionNode = FALSE
	EndGlobalSection
	GlobalSection(ExtensibilityGlobals) = postSolution
		SolutionGuid = {CC540447-2D33-4C1C-B374-736A3D806141}
	EndGlobalSection
EndGlobal
